# Generated by pub
# See https://dart.dev/tools/pub/glossary#lockfile
packages:
  collection:
    dependency: transitive
    description:
      name: collection
      sha256: "4a07be6cb69c84d677a6c3096fcf960cc3285a8330b4603e0d463d15d9bd934c"
      url: "https://pub.dev"
    source: hosted
    version: "1.17.1"
  edge_runtime:
    dependency: "direct main"
    description:
      name: edge_runtime
      sha256: f2a82827201ae7d1cc29453afa0d34a9aaa6a54e5960079a4886ef99f452e3d7
      url: "https://pub.dev"
    source: hosted
    version: "0.0.2"
  freezed_annotation:
    dependency: transitive
    description:
      name: freezed_annotation
      sha256: aeac15850ef1b38ee368d4c53ba9a847e900bb2c53a4db3f6881cbb3cb684338
      url: "https://pub.dev"
    source: hosted
    version: "2.2.0"
  js:
    dependency: "direct main"
    description:
      name: js
      sha256: f2c445dce49627136094980615a031419f7f3eb393237e4ecd97ac15dea343f3
      url: "https://pub.dev"
    source: hosted
    version: "0.6.7"
  js_bindings:
    dependency: "direct main"
    description:
      name: js_bindings
      sha256: d7890d70b8895020bd8744d8f6fe2db78b5f1ffe7359e9d257986ea1becfd726
      url: "https://pub.dev"
    source: hosted
    version: "0.1.0"
  json_annotation:
    dependency: transitive
    description:
      name: json_annotation
      sha256: c33da08e136c3df0190bd5bbe51ae1df4a7d96e7954d1d7249fea2968a72d317
      url: "https://pub.dev"
    source: hosted
    version: "4.8.0"
  meta:
    dependency: transitive
    description:
      name: meta
      sha256: "12307e7f0605ce3da64cf0db90e5fcab0869f3ca03f76be6bb2991ce0a55e82b"
      url: "https://pub.dev"
    source: hosted
    version: "1.9.0"
sdks:
  dart: ">=2.19.0 <3.0.0"
