# Generated by pub
# See https://dart.dev/tools/pub/glossary#lockfile
packages:
  cloudflare_workers:
    dependency: "direct main"
    description:
      path: ".."
      relative: true
    source: path
    version: "0.0.1"
  collection:
    dependency: transitive
    description:
      name: collection
      sha256: cfc915e6923fe5ce6e153b0723c753045de46de1b4d63771530504004a45fae0
      url: "https://pub.dev"
    source: hosted
    version: "1.17.0"
  freezed_annotation:
    dependency: transitive
    description:
      name: freezed_annotation
      sha256: aeac15850ef1b38ee368d4c53ba9a847e900bb2c53a4db3f6881cbb3cb684338
      url: "https://pub.dev"
    source: hosted
    version: "2.2.0"
  js:
    dependency: transitive
    description:
      name: js
      sha256: "323b7c70073cccf6b9b8d8b334be418a3293cfb612a560dc2737160a37bf61bd"
      url: "https://pub.dev"
    source: hosted
    version: "0.6.6"
  js_bindings:
    dependency: transitive
    description:
      name: js_bindings
      sha256: "2a6dbb828d712713c5ba7acea5ade862b96e56379e38935354d4e75b47984590"
      url: "https://pub.dev"
    source: hosted
    version: "0.0.10"
  json_annotation:
    dependency: transitive
    description:
      name: json_annotation
      sha256: c33da08e136c3df0190bd5bbe51ae1df4a7d96e7954d1d7249fea2968a72d317
      url: "https://pub.dev"
    source: hosted
    version: "4.8.0"
  meta:
    dependency: transitive
    description:
      name: meta
      sha256: "6c268b42ed578a53088d834796959e4a1814b5e9e164f147f580a386e5decf42"
      url: "https://pub.dev"
    source: hosted
    version: "1.8.0"
  v8_runtime:
    dependency: "direct overridden"
    description:
      path: "../../v8_runtime"
      relative: true
    source: path
    version: "0.0.1"
sdks:
  dart: ">=2.19.0-345.0.dev <4.0.0"
