# Generated by pub
# See https://dart.dev/tools/pub/glossary#lockfile
packages:
  args:
    dependency: transitive
    description:
      name: args
      url: "https://pub.dartlang.org"
    source: hosted
    version: "2.3.2"
  async:
    dependency: transitive
    description:
      name: async
      url: "https://pub.dartlang.org"
    source: hosted
    version: "2.10.0"
  cli_util:
    dependency: transitive
    description:
      name: cli_util
      url: "https://pub.dartlang.org"
    source: hosted
    version: "0.3.5"
  cloudflare_workers:
    dependency: "direct main"
    description:
      path: ".."
      relative: true
    source: path
    version: "0.0.1"
  collection:
    dependency: transitive
    description:
      name: collection
      url: "https://pub.dartlang.org"
    source: hosted
    version: "1.17.1"
  edge:
    dependency: "direct main"
    description:
      path: "../../edge"
      relative: true
    source: path
    version: "0.0.1"
  freezed_annotation:
    dependency: transitive
    description:
      name: freezed_annotation
      url: "https://pub.dartlang.org"
    source: hosted
    version: "2.2.0"
  hotreloader:
    dependency: transitive
    description:
      name: hotreloader
      url: "https://pub.dartlang.org"
    source: hosted
    version: "3.0.5"
  js:
    dependency: transitive
    description:
      name: js
      url: "https://pub.dartlang.org"
    source: hosted
    version: "0.6.5"
  js_bindings:
    dependency: transitive
    description:
      name: js_bindings
      url: "https://pub.dartlang.org"
    source: hosted
    version: "0.0.10"
  json_annotation:
    dependency: transitive
    description:
      name: json_annotation
      url: "https://pub.dartlang.org"
    source: hosted
    version: "4.8.0"
  logging:
    dependency: transitive
    description:
      name: logging
      url: "https://pub.dartlang.org"
    source: hosted
    version: "1.1.1"
  meta:
    dependency: transitive
    description:
      name: meta
      url: "https://pub.dartlang.org"
    source: hosted
    version: "1.8.0"
  path:
    dependency: transitive
    description:
      name: path
      url: "https://pub.dartlang.org"
    source: hosted
    version: "1.8.3"
  stream_transform:
    dependency: transitive
    description:
      name: stream_transform
      url: "https://pub.dartlang.org"
    source: hosted
    version: "2.1.0"
  v8_runtime:
    dependency: "direct overridden"
    description:
      path: "../../v8_runtime"
      relative: true
    source: path
    version: "0.0.1"
  vm_service:
    dependency: transitive
    description:
      name: vm_service
      url: "https://pub.dartlang.org"
    source: hosted
    version: "9.4.0"
  watcher:
    dependency: transitive
    description:
      name: watcher
      url: "https://pub.dartlang.org"
    source: hosted
    version: "1.0.2"
sdks:
  dart: ">=2.18.5 <3.0.0"
