{
  "name": "v8_runtime",
  "lockfileVersion": 3,
  "requires": true,
  "packages": {
    "": {
      "dependencies": {
        "@edge-runtime/ponyfill": "^2.0.0",
        "@edge-runtime/primitives": "^2.0.3"
      }
    },
    "node_modules/@edge-runtime/ponyfill": {
      "version": "2.0.0",
      "resolved": "https://registry.npmjs.org/@edge-runtime/ponyfill/-/ponyfill-2.0.0.tgz",
      "integrity": "sha512-xmIWLgNeOHDjKpsk/mV+YH55l6/AkitD6n738J/VoHGUKhkVWFfx6kTJOJDx+owQN78QBCPerSI6I/tSMc1DSg=="
    },
    "node_modules/@edge-runtime/primitives": {
      "version": "2.0.3",
      "resolved": "https://registry.npmjs.org/@edge-runtime/primitives/-/primitives-2.0.3.tgz",
      "integrity": "sha512-+y39BANcePTGKAE+0R8xX3UFzwTqWQOVUaC+UXsKjA45jGNfZCkGnJgGjJPXZftmxiLcl9R2lYyDvHN+55dUlw==",
      "engines": {
        "node": ">=14"
      }
    }
  }
}
